// !$*UTF8*$!
{
	archiveVersion = 1;
	classes = {
	};
	objectVersion = 50;
	objects = {

/* Begin PBXBuildFile section */
		EF057BBF243EC5640043D563 /* AppDelegate.swift in Sources */ = {isa = PBXBuildFile; fileRef = EF057BBE243EC5640043D563 /* AppDelegate.swift */; };
		EF057BC1243EC5640043D563 /* SceneDelegate.swift in Sources */ = {isa = PBXBuildFile; fileRef = EF057BC0243EC5640043D563 /* SceneDelegate.swift */; };
		EF057BC3243EC5640043D563 /* LoginViewController.swift in Sources */ = {isa = PBXBuildFile; fileRef = EF057BC2243EC5640043D563 /* LoginViewController.swift */; };
		EF057BC6243EC5640043D563 /* Main.storyboard in Resources */ = {isa = PBXBuildFile; fileRef = EF057BC4243EC5640043D563 /* Main.storyboard */; };
		EF057BC8243EC5680043D563 /* Assets.xcassets in Resources */ = {isa = PBXBuildFile; fileRef = EF057BC7243EC5680043D563 /* Assets.xcassets */; };
		EF057BCB243EC5680043D563 /* LaunchScreen.storyboard in Resources */ = {isa = PBXBuildFile; fileRef = EF057BC9243EC5680043D563 /* LaunchScreen.storyboard */; };
		EF057BD4243EC9BC0043D563 /* RouteTableViewCell.swift in Sources */ = {isa = PBXBuildFile; fileRef = EF057BD2243EC9BC0043D563 /* RouteTableViewCell.swift */; };
		EF057BD5243EC9BC0043D563 /* RouteTableViewCell.xib in Resources */ = {isa = PBXBuildFile; fileRef = EF057BD3243EC9BC0043D563 /* RouteTableViewCell.xib */; };
		EF057BD7243ED3000043D563 /* RouteListViewController.swift in Sources */ = {isa = PBXBuildFile; fileRef = EF057BD6243ED3000043D563 /* RouteListViewController.swift */; };
		EF057BD9243ED3770043D563 /* DestinationDetailViewController.swift in Sources */ = {isa = PBXBuildFile; fileRef = EF057BD8243ED3770043D563 /* DestinationDetailViewController.swift */; };
		F3659B2A2444D43B00CECEE8 /* RestManager.swift in Sources */ = {isa = PBXBuildFile; fileRef = F3659B292444D43B00CECEE8 /* RestManager.swift */; };
/* End PBXBuildFile section */

/* Begin PBXFileReference section */
		EF057BBB243EC5640043D563 /* PCLDriver.app */ = {isa = PBXFileReference; explicitFileType = wrapper.application; includeInIndex = 0; path = PCLDriver.app; sourceTree = BUILT_PRODUCTS_DIR; };
		EF057BBE243EC5640043D563 /* AppDelegate.swift */ = {isa = PBXFileReference; lastKnownFileType = sourcecode.swift; path = AppDelegate.swift; sourceTree = "<group>"; };
		EF057BC0243EC5640043D563 /* SceneDelegate.swift */ = {isa = PBXFileReference; lastKnownFileType = sourcecode.swift; path = SceneDelegate.swift; sourceTree = "<group>"; };
		EF057BC2243EC5640043D563 /* LoginViewController.swift */ = {isa = PBXFileReference; lastKnownFileType = sourcecode.swift; path = LoginViewController.swift; sourceTree = "<group>"; };
		EF057BC5243EC5640043D563 /* Base */ = {isa = PBXFileReference; lastKnownFileType = file.storyboard; name = Base; path = Base.lproj/Main.storyboard; sourceTree = "<group>"; };
		EF057BC7243EC5680043D563 /* Assets.xcassets */ = {isa = PBXFileReference; lastKnownFileType = folder.assetcatalog; path = Assets.xcassets; sourceTree = "<group>"; };
		EF057BCA243EC5680043D563 /* Base */ = {isa = PBXFileReference; lastKnownFileType = file.storyboard; name = Base; path = Base.lproj/LaunchScreen.storyboard; sourceTree = "<group>"; };
		EF057BCC243EC5680043D563 /* Info.plist */ = {isa = PBXFileReference; lastKnownFileType = text.plist.xml; path = Info.plist; sourceTree = "<group>"; };
		EF057BD2243EC9BC0043D563 /* RouteTableViewCell.swift */ = {isa = PBXFileReference; lastKnownFileType = sourcecode.swift; path = RouteTableViewCell.swift; sourceTree = "<group>"; };
		EF057BD3243EC9BC0043D563 /* RouteTableViewCell.xib */ = {isa = PBXFileReference; lastKnownFileType = file.xib; path = RouteTableViewCell.xib; sourceTree = "<group>"; };
		EF057BD6243ED3000043D563 /* RouteListViewController.swift */ = {isa = PBXFileReference; lastKnownFileType = sourcecode.swift; path = RouteListViewController.swift; sourceTree = "<group>"; };
		EF057BD8243ED3770043D563 /* DestinationDetailViewController.swift */ = {isa = PBXFileReference; lastKnownFileType = sourcecode.swift; path = DestinationDetailViewController.swift; sourceTree = "<group>"; };
		F3659B292444D43B00CECEE8 /* RestManager.swift */ = {isa = PBXFileReference; lastKnownFileType = sourcecode.swift; path = RestManager.swift; sourceTree = "<group>"; };
/* End PBXFileReference section */

/* Begin PBXFrameworksBuildPhase section */
		EF057BB8243EC5640043D563 /* Frameworks */ = {
			isa = PBXFrameworksBuildPhase;
			buildActionMask = 2147483647;
			files = (
			);
			runOnlyForDeploymentPostprocessing = 0;
		};
/* End PBXFrameworksBuildPhase section */

/* Begin PBXGroup section */
		EF057BB2243EC5640043D563 = {
			isa = PBXGroup;
			children = (
				EF057BBD243EC5640043D563 /* PCLDriver */,
				EF057BBC243EC5640043D563 /* Products */,
			);
			sourceTree = "<group>";
		};
		EF057BBC243EC5640043D563 /* Products */ = {
			isa = PBXGroup;
			children = (
				EF057BBB243EC5640043D563 /* PCLDriver.app */,
			);
			name = Products;
			sourceTree = "<group>";
		};
		EF057BBD243EC5640043D563 /* PCLDriver */ = {
			isa = PBXGroup;
			children = (
				F3659B262444CE3A00CECEE8 /* Model */,
				F3659B272444CE4B00CECEE8 /* View */,
				F3659B282444CE5500CECEE8 /* Controller */,
				EF057BBE243EC5640043D563 /* AppDelegate.swift */,
				EF057BC0243EC5640043D563 /* SceneDelegate.swift */,
				EF057BC4243EC5640043D563 /* Main.storyboard */,
				EF057BC7243EC5680043D563 /* Assets.xcassets */,
				EF057BC9243EC5680043D563 /* LaunchScreen.storyboard */,
				EF057BCC243EC5680043D563 /* Info.plist */,
				F3659B292444D43B00CECEE8 /* RestManager.swift */,
			);
			path = PCLDriver;
			sourceTree = "<group>";
		};
		F3659B262444CE3A00CECEE8 /* Model */ = {
			isa = PBXGroup;
			children = (
			);
			path = Model;
			sourceTree = "<group>";
		};
		F3659B272444CE4B00CECEE8 /* View */ = {
			isa = PBXGroup;
			children = (
				EF057BD3243EC9BC0043D563 /* RouteTableViewCell.xib */,
				EF057BD2243EC9BC0043D563 /* RouteTableViewCell.swift */,
			);
			path = View;
			sourceTree = "<group>";
		};
		F3659B282444CE5500CECEE8 /* Controller */ = {
			isa = PBXGroup;
			children = (
				EF057BC2243EC5640043D563 /* LoginViewController.swift */,
				EF057BD6243ED3000043D563 /* RouteListViewController.swift */,
				EF057BD8243ED3770043D563 /* DestinationDetailViewController.swift */,
			);
			path = Controller;
			sourceTree = "<group>";
		};
/* End PBXGroup section */

/* Begin PBXNativeTarget section */
		EF057BBA243EC5640043D563 /* PCLDriver */ = {
			isa = PBXNativeTarget;
			buildConfigurationList = EF057BCF243EC5680043D563 /* Build configuration list for PBXNativeTarget "PCLDriver" */;
			buildPhases = (
				EF057BB7243EC5640043D563 /* Sources */,
				EF057BB8243EC5640043D563 /* Frameworks */,
				EF057BB9243EC5640043D563 /* Resources */,
			);
			buildRules = (
			);
			dependencies = (
			);
			name = PCLDriver;
			productName = PCLDriver;
			productReference = EF057BBB243EC5640043D563 /* PCLDriver.app */;
			productType = "com.apple.product-type.application";
		};
/* End PBXNativeTarget section */

/* Begin PBXProject section */
		EF057BB3243EC5640043D563 /* Project object */ = {
			isa = PBXProject;
			attributes = {
				LastSwiftUpdateCheck = 1130;
				LastUpgradeCheck = 1130;
				ORGANIZATIONNAME = "Sangeetha Gengaram";
				TargetAttributes = {
					EF057BBA243EC5640043D563 = {
						CreatedOnToolsVersion = 11.3.1;
					};
				};
			};
			buildConfigurationList = EF057BB6243EC5640043D563 /* Build configuration list for PBXProject "PCLDriver" */;
			compatibilityVersion = "Xcode 9.3";
			developmentRegion = en;
			hasScannedForEncodings = 0;
			knownRegions = (
				en,
				Base,
			);
			mainGroup = EF057BB2243EC5640043D563;
			productRefGroup = EF057BBC243EC5640043D563 /* Products */;
			projectDirPath = "";
			projectRoot = "";
			targets = (
				EF057BBA243EC5640043D563 /* PCLDriver */,
			);
		};
/* End PBXProject section */

/* Begin PBXResourcesBuildPhase section */
		EF057BB9243EC5640043D563 /* Resources */ = {
			isa = PBXResourcesBuildPhase;
			buildActionMask = 2147483647;
			files = (
				EF057BCB243EC5680043D563 /* LaunchScreen.storyboard in Resources */,
				EF057BD5243EC9BC0043D563 /* RouteTableViewCell.xib in Resources */,
				EF057BC8243EC5680043D563 /* Assets.xcassets in Resources */,
				EF057BC6243EC5640043D563 /* Main.storyboard in Resources */,
			);
			runOnlyForDeploymentPostprocessing = 0;
		};
/* End PBXResourcesBuildPhase section */

/* Begin PBXSourcesBuildPhase section */
		EF057BB7243EC5640043D563 /* Sources */ = {
			isa = PBXSourcesBuildPhase;
			buildActionMask = 2147483647;
			files = (
				EF057BC3243EC5640043D563 /* LoginViewController.swift in Sources */,
				EF057BD4243EC9BC0043D563 /* RouteTableViewCell.swift in Sources */,
				EF057BBF243EC5640043D563 /* AppDelegate.swift in Sources */,
				F3659B2A2444D43B00CECEE8 /* RestManager.swift in Sources */,
				EF057BD7243ED3000043D563 /* RouteListViewController.swift in Sources */,
				EF057BD9243ED3770043D563 /* DestinationDetailViewController.swift in Sources */,
				EF057BC1243EC5640043D563 /* SceneDelegate.swift in Sources */,
			);
			runOnlyForDeploymentPostprocessing = 0;
		};
/* End PBXSourcesBuildPhase section */

/* Begin PBXVariantGroup section */
		EF057BC4243EC5640043D563 /* Main.storyboard */ = {
			isa = PBXVariantGroup;
			children = (
				EF057BC5243EC5640043D563 /* Base */,
			);
			name = Main.storyboard;
			sourceTree = "<group>";
		};
		EF057BC9243EC5680043D563 /* LaunchScreen.storyboard */ = {
			isa = PBXVariantGroup;
			children = (
				EF057BCA243EC5680043D563 /* Base */,
			);
			name = LaunchScreen.storyboard;
			sourceTree = "<group>";
		};
/* End PBXVariantGroup section */

/* Begin XCBuildConfiguration section */
		EF057BCD243EC5680043D563 /* Debug */ = {
			isa = XCBuildConfiguration;
			buildSettings = {
				ALWAYS_SEARCH_USER_PATHS = NO;
				CLANG_ANALYZER_NONNULL = YES;
				CLANG_ANALYZER_NUMBER_OBJECT_CONVERSION = YES_AGGRESSIVE;
				CLANG_CXX_LANGUAGE_STANDARD = "gnu++14";
				CLANG_CXX_LIBRARY = "libc++";
				CLANG_ENABLE_MODULES = YES;
				CLANG_ENABLE_OBJC_ARC = YES;
				CLANG_ENABLE_OBJC_WEAK = YES;
				CLANG_WARN_BLOCK_CAPTURE_AUTORELEASING = YES;
				CLANG_WARN_BOOL_CONVERSION = YES;
				CLANG_WARN_COMMA = YES;
				CLANG_WARN_CONSTANT_CONVERSION = YES;
				CLANG_WARN_DEPRECATED_OBJC_IMPLEMENTATIONS = YES;
				CLANG_WARN_DIRECT_OBJC_ISA_USAGE = YES_ERROR;
				CLANG_WARN_DOCUMENTATION_COMMENTS = YES;
				CLANG_WARN_EMPTY_BODY = YES;
				CLANG_WARN_ENUM_CONVERSION = YES;
				CLANG_WARN_INFINITE_RECURSION = YES;
				CLANG_WARN_INT_CONVERSION = YES;
				CLANG_WARN_NON_LITERAL_NULL_CONVERSION = YES;
				CLANG_WARN_OBJC_IMPLICIT_RETAIN_SELF = YES;
				CLANG_WARN_OBJC_LITERAL_CONVERSION = YES;
				CLANG_WARN_OBJC_ROOT_CLASS = YES_ERROR;
				CLANG_WARN_RANGE_LOOP_ANALYSIS = YES;
				CLANG_WARN_STRICT_PROTOTYPES = YES;
				CLANG_WARN_SUSPICIOUS_MOVE = YES;
				CLANG_WARN_UNGUARDED_AVAILABILITY = YES_AGGRESSIVE;
				CLANG_WARN_UNREACHABLE_CODE = YES;
				CLANG_WARN__DUPLICATE_METHOD_MATCH = YES;
				COPY_PHASE_STRIP = NO;
				DEBUG_INFORMATION_FORMAT = dwarf;
				ENABLE_STRICT_OBJC_MSGSEND = YES;
				ENABLE_TESTABILITY = YES;
				GCC_C_LANGUAGE_STANDARD = gnu11;
				GCC_DYNAMIC_NO_PIC = NO;
				GCC_NO_COMMON_BLOCKS = YES;
				GCC_OPTIMIZATION_LEVEL = 0;
				GCC_PREPROCESSOR_DEFINITIONS = (
					"DEBUG=1",
					"$(inherited)",
				);
				GCC_WARN_64_TO_32_BIT_CONVERSION = YES;
				GCC_WARN_ABOUT_RETURN_TYPE = YES_ERROR;
				GCC_WARN_UNDECLARED_SELECTOR = YES;
				GCC_WARN_UNINITIALIZED_AUTOS = YES_AGGRESSIVE;
				GCC_WARN_UNUSED_FUNCTION = YES;
				GCC_WARN_UNUSED_VARIABLE = YES;
				IPHONEOS_DEPLOYMENT_TARGET = 13.2;
				MTL_ENABLE_DEBUG_INFO = INCLUDE_SOURCE;
				MTL_FAST_MATH = YES;
				ONLY_ACTIVE_ARCH = YES;
				SDKROOT = iphoneos;
				SWIFT_ACTIVE_COMPILATION_CONDITIONS = DEBUG;
				SWIFT_OPTIMIZATION_LEVEL = "-Onone";
			};
			name = Debug;
		};
		EF057BCE243EC5680043D563 /* Release */ = {
			isa = XCBuildConfiguration;
			buildSettings = {
				ALWAYS_SEARCH_USER_PATHS = NO;
				CLANG_ANALYZER_NONNULL = YES;
				CLANG_ANALYZER_NUMBER_OBJECT_CONVERSION = YES_AGGRESSIVE;
				CLANG_CXX_LANGUAGE_STANDARD = "gnu++14";
				CLANG_CXX_LIBRARY = "libc++";
				CLANG_ENABLE_MODULES = YES;
				CLANG_ENABLE_OBJC_ARC = YES;
				CLANG_ENABLE_OBJC_WEAK = YES;
				CLANG_WARN_BLOCK_CAPTURE_AUTORELEASING = YES;
				CLANG_WARN_BOOL_CONVERSION = YES;
				CLANG_WARN_COMMA = YES;
				CLANG_WARN_CONSTANT_CONVERSION = YES;
				CLANG_WARN_DEPRECATED_OBJC_IMPLEMENTATIONS = YES;
				CLANG_WARN_DIRECT_OBJC_ISA_USAGE = YES_ERROR;
				CLANG_WARN_DOCUMENTATION_COMMENTS = YES;
				CLANG_WARN_EMPTY_BODY = YES;
				CLANG_WARN_ENUM_CONVERSION = YES;
				CLANG_WARN_INFINITE_RECURSION = YES;
				CLANG_WARN_INT_CONVERSION = YES;
				CLANG_WARN_NON_LITERAL_NULL_CONVERSION = YES;
				CLANG_WARN_OBJC_IMPLICIT_RETAIN_SELF = YES;
				CLANG_WARN_OBJC_LITERAL_CONVERSION = YES;
				CLANG_WARN_OBJC_ROOT_CLASS = YES_ERROR;
				CLANG_WARN_RANGE_LOOP_ANALYSIS = YES;
				CLANG_WARN_STRICT_PROTOTYPES = YES;
				CLANG_WARN_SUSPICIOUS_MOVE = YES;
				CLANG_WARN_UNGUARDED_AVAILABILITY = YES_AGGRESSIVE;
				CLANG_WARN_UNREACHABLE_CODE = YES;
				CLANG_WARN__DUPLICATE_METHOD_MATCH = YES;
				COPY_PHASE_STRIP = NO;
				DEBUG_INFORMATION_FORMAT = "dwarf-with-dsym";
				ENABLE_NS_ASSERTIONS = NO;
				ENABLE_STRICT_OBJC_MSGSEND = YES;
				GCC_C_LANGUAGE_STANDARD = gnu11;
				GCC_NO_COMMON_BLOCKS = YES;
				GCC_WARN_64_TO_32_BIT_CONVERSION = YES;
				GCC_WARN_ABOUT_RETURN_TYPE = YES_ERROR;
				GCC_WARN_UNDECLARED_SELECTOR = YES;
				GCC_WARN_UNINITIALIZED_AUTOS = YES_AGGRESSIVE;
				GCC_WARN_UNUSED_FUNCTION = YES;
				GCC_WARN_UNUSED_VARIABLE = YES;
				IPHONEOS_DEPLOYMENT_TARGET = 13.2;
				MTL_ENABLE_DEBUG_INFO = NO;
				MTL_FAST_MATH = YES;
				SDKROOT = iphoneos;
				SWIFT_COMPILATION_MODE = wholemodule;
				SWIFT_OPTIMIZATION_LEVEL = "-O";
				VALIDATE_PRODUCT = YES;
			};
			name = Release;
		};
		EF057BD0243EC5680043D563 /* Debug */ = {
			isa = XCBuildConfiguration;
			buildSettings = {
				ASSETCATALOG_COMPILER_APPICON_NAME = AppIcon;
				CODE_SIGN_STYLE = Automatic;
				DEVELOPMENT_TEAM = KKX8KEUZ6R;
				INFOPLIST_FILE = PCLDriver/Info.plist;
				LD_RUNPATH_SEARCH_PATHS = (
					"$(inherited)",
					"@executable_path/Frameworks",
				);
				PRODUCT_BUNDLE_IDENTIFIER = com.softwaremerchant.PCLDriver;
				PRODUCT_NAME = "$(TARGET_NAME)";
				SWIFT_VERSION = 5.0;
				TARGETED_DEVICE_FAMILY = "1,2";
			};
			name = Debug;
		};
		EF057BD1243EC5680043D563 /* Release */ = {
			isa = XCBuildConfiguration;
			buildSettings = {
				ASSETCATALOG_COMPILER_APPICON_NAME = AppIcon;
				CODE_SIGN_STYLE = Automatic;
				DEVELOPMENT_TEAM = KKX8KEUZ6R;
				INFOPLIST_FILE = PCLDriver/Info.plist;
				LD_RUNPATH_SEARCH_PATHS = (
					"$(inherited)",
					"@executable_path/Frameworks",
				);
				PRODUCT_BUNDLE_IDENTIFIER = com.softwaremerchant.PCLDriver;
				PRODUCT_NAME = "$(TARGET_NAME)";
				SWIFT_VERSION = 5.0;
				TARGETED_DEVICE_FAMILY = "1,2";
			};
			name = Release;
		};
/* End XCBuildConfiguration section */

/* Begin XCConfigurationList section */
		EF057BB6243EC5640043D563 /* Build configuration list for PBXProject "PCLDriver" */ = {
			isa = XCConfigurationList;
			buildConfigurations = (
				EF057BCD243EC5680043D563 /* Debug */,
				EF057BCE243EC5680043D563 /* Release */,
			);
			defaultConfigurationIsVisible = 0;
			defaultConfigurationName = Release;
		};
		EF057BCF243EC5680043D563 /* Build configuration list for PBXNativeTarget "PCLDriver" */ = {
			isa = XCConfigurationList;
			buildConfigurations = (
				EF057BD0243EC5680043D563 /* Debug */,
				EF057BD1243EC5680043D563 /* Release */,
			);
			defaultConfigurationIsVisible = 0;
			defaultConfigurationName = Release;
		};
/* End XCConfigurationList section */
	};
	rootObject = EF057BB3243EC5640043D563 /* Project object */;
}
